Microsoft Visual Studio Solution File, Format Version 12.00
# Visual Studio Version 17
VisualStudioVersion = 17.5.2.0
MinimumVisualStudioVersion = 10.0.40219.1
Project("{FAE04EC0-301F-11D3-BF4B-00C04F79EFBC}") = "Practica 1", "Practica 1.csproj", "{16730E7E-62B2-CED6-EF96-84A085BDEFE2}"
EndProject
Global
	GlobalSection(SolutionConfigurationPlatforms) = preSolution
		Debug|Any CPU = Debug|Any CPU
		Release|Any CPU = Release|Any CPU
	EndGlobalSection
	GlobalSection(ProjectConfigurationPlatforms) = postSolution
		{16730E7E-62B2-CED6-EF96-84A085BDEFE2}.Debug|Any CPU.ActiveCfg = Debug|Any CPU
		{16730E7E-62B2-CED6-EF96-84A085BDEFE2}.Debug|Any CPU.Build.0 = Debug|Any CPU
		{16730E7E-62B2-CED6-EF96-84A085BDEFE2}.Release|Any CPU.ActiveCfg = Release|Any CPU
		{16730E7E-62B2-CED6-EF96-84A085BDEFE2}.Release|Any CPU.Build.0 = Release|Any CPU
	EndGlobalSection
	GlobalSection(SolutionProperties) = preSolution
		HideSolutionNode = FALSE
	EndGlobalSection
	GlobalSection(ExtensibilityGlobals) = postSolution
		SolutionGuid = {B59BDD2E-5E93-4C7C-A676-8579B7C505F9}
	EndGlobalSection
EndGlobal
